
Microsoft Visual Studio Solution File, Format Version 12.00
# Visual Studio Version 16
VisualStudioVersion = 16.0.30523.141
MinimumVisualStudioVersion = 10.0.40219.1
Project("{FAE04EC0-301F-11D3-BF4B-00C04F79EFBC}") = "MegaDesk-Aquino", "MegaDesk-Aquino\MegaDesk-Aquino.csproj", "{4F4CB949-0A03-42D8-962A-F2E31D0F625B}"
EndProject
Global
	GlobalSection(SolutionConfigurationPlatforms) = preSolution
		Debug|Any CPU = Debug|Any CPU
		Release|Any CPU = Release|Any CPU
	EndGlobalSection
	GlobalSection(ProjectConfigurationPlatforms) = postSolution
		{4F4CB949-0A03-42D8-962A-F2E31D0F625B}.Debug|Any CPU.ActiveCfg = Debug|Any CPU
		{4F4CB949-0A03-42D8-962A-F2E31D0F625B}.Debug|Any CPU.Build.0 = Debug|Any CPU
		{4F4CB949-0A03-42D8-962A-F2E31D0F625B}.Release|Any CPU.ActiveCfg = Release|Any CPU
		{4F4CB949-0A03-42D8-962A-F2E31D0F625B}.Release|Any CPU.Build.0 = Release|Any CPU
	EndGlobalSection
	GlobalSection(SolutionProperties) = preSolution
		HideSolutionNode = FALSE
	EndGlobalSection
	GlobalSection(ExtensibilityGlobals) = postSolution
		SolutionGuid = {32B64661-012B-4957-9406-A9D53C81CC5C}
	EndGlobalSection
EndGlobal
